
Microsoft Visual Studio Solution File, Format Version 12.00
# Visual Studio 15
VisualStudioVersion = 15.0.27004.2009
MinimumVisualStudioVersion = 10.0.40219.1
Project("{FAE04EC0-301F-11D3-BF4B-00C04F79EFBC}") = "RJB.Domain", "FJB.Domain\RJB.Domain.csproj", "{274C4614-8D28-41CA-BDFD-BBDCDB2A83BB}"
EndProject
Project("{2150E333-8FDC-42A3-9474-1A3956D46DE8}") = "1. Domain", "1. Domain", "{A5631AF1-E2C7-4458-A4DD-9C92139A45D5}"
EndProject
Project("{2150E333-8FDC-42A3-9474-1A3956D46DE8}") = "2. Data Access Layer", "2. Data Access Layer", "{C7B95136-3123-48C1-B32F-074BAFBD7D24}"
EndProject
Project("{FAE04EC0-301F-11D3-BF4B-00C04F79EFBC}") = "RJB.DAL", "FJB.DAL\RJB.DAL.csproj", "{289AC48C-B1B3-4336-BE04-2FF4568FBBDA}"
EndProject
Project("{2150E333-8FDC-42A3-9474-1A3956D46DE8}") = "3. Business Layer", "3. Business Layer", "{71E48B3F-1084-4FE9-B093-01191CB56591}"
EndProject
Project("{FAE04EC0-301F-11D3-BF4B-00C04F79EFBC}") = "RJB.BLL", "RJB.BLL\RJB.BLL.csproj", "{3D276651-7744-49CC-8E09-E3053F8C0EE9}"
EndProject
Project("{2150E333-8FDC-42A3-9474-1A3956D46DE8}") = "5. Presentation", "5. Presentation", "{3FCF09C9-48A2-45BD-942F-64398498649B}"
EndProject
Project("{FAE04EC0-301F-11D3-BF4B-00C04F79EFBC}") = "Rjb.WebApplication", "Rjb.WebApplication\Rjb.WebApplication.csproj", "{F412EDBD-75F0-44B2-9B4A-3460D6C5EDAF}"
EndProject
Project("{2150E333-8FDC-42A3-9474-1A3956D46DE8}") = "4. Server", "4. Server", "{E0FAE28B-CB32-49D3-9CE7-0522FE1214F6}"
EndProject
Project("{FAE04EC0-301F-11D3-BF4B-00C04F79EFBC}") = "RJF.WebService", "RJF.WebService\RJF.WebService.csproj", "{91726CDA-D272-45BE-8F78-0029DCB42E87}"
EndProject
Global
	GlobalSection(SolutionConfigurationPlatforms) = preSolution
		Debug|Any CPU = Debug|Any CPU
		Release|Any CPU = Release|Any CPU
	EndGlobalSection
	GlobalSection(ProjectConfigurationPlatforms) = postSolution
		{274C4614-8D28-41CA-BDFD-BBDCDB2A83BB}.Debug|Any CPU.ActiveCfg = Debug|Any CPU
		{274C4614-8D28-41CA-BDFD-BBDCDB2A83BB}.Debug|Any CPU.Build.0 = Debug|Any CPU
		{274C4614-8D28-41CA-BDFD-BBDCDB2A83BB}.Release|Any CPU.ActiveCfg = Release|Any CPU
		{274C4614-8D28-41CA-BDFD-BBDCDB2A83BB}.Release|Any CPU.Build.0 = Release|Any CPU
		{289AC48C-B1B3-4336-BE04-2FF4568FBBDA}.Debug|Any CPU.ActiveCfg = Debug|Any CPU
		{289AC48C-B1B3-4336-BE04-2FF4568FBBDA}.Debug|Any CPU.Build.0 = Debug|Any CPU
		{289AC48C-B1B3-4336-BE04-2FF4568FBBDA}.Release|Any CPU.ActiveCfg = Release|Any CPU
		{289AC48C-B1B3-4336-BE04-2FF4568FBBDA}.Release|Any CPU.Build.0 = Release|Any CPU
		{3D276651-7744-49CC-8E09-E3053F8C0EE9}.Debug|Any CPU.ActiveCfg = Debug|Any CPU
		{3D276651-7744-49CC-8E09-E3053F8C0EE9}.Debug|Any CPU.Build.0 = Debug|Any CPU
		{3D276651-7744-49CC-8E09-E3053F8C0EE9}.Release|Any CPU.ActiveCfg = Release|Any CPU
		{3D276651-7744-49CC-8E09-E3053F8C0EE9}.Release|Any CPU.Build.0 = Release|Any CPU
		{F412EDBD-75F0-44B2-9B4A-3460D6C5EDAF}.Debug|Any CPU.ActiveCfg = Debug|Any CPU
		{F412EDBD-75F0-44B2-9B4A-3460D6C5EDAF}.Debug|Any CPU.Build.0 = Debug|Any CPU
		{F412EDBD-75F0-44B2-9B4A-3460D6C5EDAF}.Release|Any CPU.ActiveCfg = Release|Any CPU
		{F412EDBD-75F0-44B2-9B4A-3460D6C5EDAF}.Release|Any CPU.Build.0 = Release|Any CPU
		{91726CDA-D272-45BE-8F78-0029DCB42E87}.Debug|Any CPU.ActiveCfg = Debug|Any CPU
		{91726CDA-D272-45BE-8F78-0029DCB42E87}.Debug|Any CPU.Build.0 = Debug|Any CPU
		{91726CDA-D272-45BE-8F78-0029DCB42E87}.Release|Any CPU.ActiveCfg = Release|Any CPU
		{91726CDA-D272-45BE-8F78-0029DCB42E87}.Release|Any CPU.Build.0 = Release|Any CPU
	EndGlobalSection
	GlobalSection(SolutionProperties) = preSolution
		HideSolutionNode = FALSE
	EndGlobalSection
	GlobalSection(NestedProjects) = preSolution
		{274C4614-8D28-41CA-BDFD-BBDCDB2A83BB} = {A5631AF1-E2C7-4458-A4DD-9C92139A45D5}
		{289AC48C-B1B3-4336-BE04-2FF4568FBBDA} = {C7B95136-3123-48C1-B32F-074BAFBD7D24}
		{3D276651-7744-49CC-8E09-E3053F8C0EE9} = {71E48B3F-1084-4FE9-B093-01191CB56591}
		{F412EDBD-75F0-44B2-9B4A-3460D6C5EDAF} = {3FCF09C9-48A2-45BD-942F-64398498649B}
		{91726CDA-D272-45BE-8F78-0029DCB42E87} = {E0FAE28B-CB32-49D3-9CE7-0522FE1214F6}
	EndGlobalSection
	GlobalSection(ExtensibilityGlobals) = postSolution
		SolutionGuid = {6D414EEE-9874-4D41-98AE-E4F22A922E71}
	EndGlobalSection
EndGlobal
